// !$*UTF8*$!
{
	archiveVersion = 1;
	classes = {
	};
	objectVersion = 46;
	objects = {

/* Begin PBXBuildFile section */
		549CC4721F6EE08B0072D244 /* JVWineryModel.m in Sources */ = {isa = PBXBuildFile; fileRef = 549CC4711F6EE08B0072D244 /* JVWineryModel.m */; };
		549CC4751F6EE6A40072D244 /* JVWineryTableViewController.m in Sources */ = {isa = PBXBuildFile; fileRef = 549CC4741F6EE6A40072D244 /* JVWineryTableViewController.m */; };
		54B02D031F69B82B00526439 /* main.m in Sources */ = {isa = PBXBuildFile; fileRef = 54B02D021F69B82B00526439 /* main.m */; };
		54B02D061F69B82B00526439 /* AppDelegate.m in Sources */ = {isa = PBXBuildFile; fileRef = 54B02D051F69B82B00526439 /* AppDelegate.m */; };
		54B02D0E1F69B82B00526439 /* Assets.xcassets in Resources */ = {isa = PBXBuildFile; fileRef = 54B02D0D1F69B82B00526439 /* Assets.xcassets */; };
		54B02D1A1F69BEBA00526439 /* JVWineModel.m in Sources */ = {isa = PBXBuildFile; fileRef = 54B02D191F69BEBA00526439 /* JVWineModel.m */; };
		54B02D1F1F69D22100526439 /* JVWineViewController.m in Sources */ = {isa = PBXBuildFile; fileRef = 54B02D1D1F69D22100526439 /* JVWineViewController.m */; };
		54B02D201F69D22100526439 /* JVWineViewController.xib in Resources */ = {isa = PBXBuildFile; fileRef = 54B02D1E1F69D22100526439 /* JVWineViewController.xib */; };
		54B02D231F69E84D00526439 /* copa.png in Resources */ = {isa = PBXBuildFile; fileRef = 54B02D221F69E84D00526439 /* copa.png */; };
		54B02D261F69E95800526439 /* botellavino.jpg in Resources */ = {isa = PBXBuildFile; fileRef = 54B02D251F69E95800526439 /* botellavino.jpg */; };
		54B02D2A1F69F2F600526439 /* JVWebViewController.m in Sources */ = {isa = PBXBuildFile; fileRef = 54B02D281F69F2F600526439 /* JVWebViewController.m */; };
		54B02D2B1F69F2F600526439 /* JVWebViewController.xib in Resources */ = {isa = PBXBuildFile; fileRef = 54B02D291F69F2F600526439 /* JVWebViewController.xib */; };
/* End PBXBuildFile section */

/* Begin PBXFileReference section */
		547C442C1F6B375D005CD5BE /* WebKit.framework */ = {isa = PBXFileReference; lastKnownFileType = wrapper.framework; name = WebKit.framework; path = System/Library/Frameworks/WebKit.framework; sourceTree = SDKROOT; };
		549CC4701F6EE08B0072D244 /* JVWineryModel.h */ = {isa = PBXFileReference; fileEncoding = 4; lastKnownFileType = sourcecode.c.h; path = JVWineryModel.h; sourceTree = "<group>"; };
		549CC4711F6EE08B0072D244 /* JVWineryModel.m */ = {isa = PBXFileReference; fileEncoding = 4; lastKnownFileType = sourcecode.c.objc; path = JVWineryModel.m; sourceTree = "<group>"; };
		549CC4731F6EE6A40072D244 /* JVWineryTableViewController.h */ = {isa = PBXFileReference; fileEncoding = 4; lastKnownFileType = sourcecode.c.h; path = JVWineryTableViewController.h; sourceTree = "<group>"; };
		549CC4741F6EE6A40072D244 /* JVWineryTableViewController.m */ = {isa = PBXFileReference; fileEncoding = 4; lastKnownFileType = sourcecode.c.objc; path = JVWineryTableViewController.m; sourceTree = "<group>"; };
		54B02CFE1F69B82B00526439 /* Baccus.app */ = {isa = PBXFileReference; explicitFileType = wrapper.application; includeInIndex = 0; path = Baccus.app; sourceTree = BUILT_PRODUCTS_DIR; };
		54B02D021F69B82B00526439 /* main.m */ = {isa = PBXFileReference; lastKnownFileType = sourcecode.c.objc; path = main.m; sourceTree = "<group>"; };
		54B02D041F69B82B00526439 /* AppDelegate.h */ = {isa = PBXFileReference; lastKnownFileType = sourcecode.c.h; path = AppDelegate.h; sourceTree = "<group>"; };
		54B02D051F69B82B00526439 /* AppDelegate.m */ = {isa = PBXFileReference; lastKnownFileType = sourcecode.c.objc; path = AppDelegate.m; sourceTree = "<group>"; };
		54B02D0D1F69B82B00526439 /* Assets.xcassets */ = {isa = PBXFileReference; lastKnownFileType = folder.assetcatalog; path = Assets.xcassets; sourceTree = "<group>"; };
		54B02D121F69B82B00526439 /* Info.plist */ = {isa = PBXFileReference; lastKnownFileType = text.plist.xml; path = Info.plist; sourceTree = "<group>"; };
		54B02D181F69BEBA00526439 /* JVWineModel.h */ = {isa = PBXFileReference; fileEncoding = 4; lastKnownFileType = sourcecode.c.h; path = JVWineModel.h; sourceTree = "<group>"; };
		54B02D191F69BEBA00526439 /* JVWineModel.m */ = {isa = PBXFileReference; fileEncoding = 4; lastKnownFileType = sourcecode.c.objc; path = JVWineModel.m; sourceTree = "<group>"; };
		54B02D1C1F69D22100526439 /* JVWineViewController.h */ = {isa = PBXFileReference; fileEncoding = 4; lastKnownFileType = sourcecode.c.h; path = JVWineViewController.h; sourceTree = "<group>"; };
		54B02D1D1F69D22100526439 /* JVWineViewController.m */ = {isa = PBXFileReference; fileEncoding = 4; lastKnownFileType = sourcecode.c.objc; path = JVWineViewController.m; sourceTree = "<group>"; };
		54B02D1E1F69D22100526439 /* JVWineViewController.xib */ = {isa = PBXFileReference; fileEncoding = 4; lastKnownFileType = file.xib; path = JVWineViewController.xib; sourceTree = "<group>"; };
		54B02D221F69E84D00526439 /* copa.png */ = {isa = PBXFileReference; lastKnownFileType = image.png; path = copa.png; sourceTree = "<group>"; };
		54B02D251F69E95800526439 /* botellavino.jpg */ = {isa = PBXFileReference; lastKnownFileType = image.jpeg; path = botellavino.jpg; sourceTree = "<group>"; };
		54B02D271F69F2F600526439 /* JVWebViewController.h */ = {isa = PBXFileReference; fileEncoding = 4; lastKnownFileType = sourcecode.c.h; path = JVWebViewController.h; sourceTree = "<group>"; };
		54B02D281F69F2F600526439 /* JVWebViewController.m */ = {isa = PBXFileReference; fileEncoding = 4; lastKnownFileType = sourcecode.c.objc; path = JVWebViewController.m; sourceTree = "<group>"; };
		54B02D291F69F2F600526439 /* JVWebViewController.xib */ = {isa = PBXFileReference; fileEncoding = 4; lastKnownFileType = file.xib; path = JVWebViewController.xib; sourceTree = "<group>"; };
/* End PBXFileReference section */

/* Begin PBXFrameworksBuildPhase section */
		54B02CFB1F69B82B00526439 /* Frameworks */ = {
			isa = PBXFrameworksBuildPhase;
			buildActionMask = 2147483647;
			files = (
			);
			runOnlyForDeploymentPostprocessing = 0;
		};
/* End PBXFrameworksBuildPhase section */

/* Begin PBXGroup section */
		547C442B1F6B375D005CD5BE /* Frameworks */ = {
			isa = PBXGroup;
			children = (
				547C442C1F6B375D005CD5BE /* WebKit.framework */,
			);
			name = Frameworks;
			sourceTree = "<group>";
		};
		54B02CF51F69B82B00526439 = {
			isa = PBXGroup;
			children = (
				54B02D241F69E85A00526439 /* Resources */,
				54B02D001F69B82B00526439 /* Baccus */,
				54B02CFF1F69B82B00526439 /* Products */,
				547C442B1F6B375D005CD5BE /* Frameworks */,
			);
			sourceTree = "<group>";
		};
		54B02CFF1F69B82B00526439 /* Products */ = {
			isa = PBXGroup;
			children = (
				54B02CFE1F69B82B00526439 /* Baccus.app */,
			);
			name = Products;
			sourceTree = "<group>";
		};
		54B02D001F69B82B00526439 /* Baccus */ = {
			isa = PBXGroup;
			children = (
				54B02D041F69B82B00526439 /* AppDelegate.h */,
				54B02D051F69B82B00526439 /* AppDelegate.m */,
				54B02D211F69D22800526439 /* Controllers */,
				54B02D1B1F69BEC600526439 /* Models */,
				54B02D0D1F69B82B00526439 /* Assets.xcassets */,
				54B02D121F69B82B00526439 /* Info.plist */,
				54B02D011F69B82B00526439 /* Supporting Files */,
			);
			path = Baccus;
			sourceTree = "<group>";
		};
		54B02D011F69B82B00526439 /* Supporting Files */ = {
			isa = PBXGroup;
			children = (
				54B02D021F69B82B00526439 /* main.m */,
			);
			name = "Supporting Files";
			sourceTree = "<group>";
		};
		54B02D1B1F69BEC600526439 /* Models */ = {
			isa = PBXGroup;
			children = (
				54B02D181F69BEBA00526439 /* JVWineModel.h */,
				54B02D191F69BEBA00526439 /* JVWineModel.m */,
				549CC4701F6EE08B0072D244 /* JVWineryModel.h */,
				549CC4711F6EE08B0072D244 /* JVWineryModel.m */,
			);
			name = Models;
			sourceTree = "<group>";
		};
		54B02D211F69D22800526439 /* Controllers */ = {
			isa = PBXGroup;
			children = (
				54B02D1C1F69D22100526439 /* JVWineViewController.h */,
				54B02D1D1F69D22100526439 /* JVWineViewController.m */,
				549CC4731F6EE6A40072D244 /* JVWineryTableViewController.h */,
				549CC4741F6EE6A40072D244 /* JVWineryTableViewController.m */,
				54B02D1E1F69D22100526439 /* JVWineViewController.xib */,
				54B02D271F69F2F600526439 /* JVWebViewController.h */,
				54B02D281F69F2F600526439 /* JVWebViewController.m */,
				54B02D291F69F2F600526439 /* JVWebViewController.xib */,
			);
			name = Controllers;
			sourceTree = "<group>";
		};
		54B02D241F69E85A00526439 /* Resources */ = {
			isa = PBXGroup;
			children = (
				54B02D251F69E95800526439 /* botellavino.jpg */,
				54B02D221F69E84D00526439 /* copa.png */,
			);
			name = Resources;
			sourceTree = "<group>";
		};
/* End PBXGroup section */

/* Begin PBXNativeTarget section */
		54B02CFD1F69B82B00526439 /* Baccus */ = {
			isa = PBXNativeTarget;
			buildConfigurationList = 54B02D151F69B82B00526439 /* Build configuration list for PBXNativeTarget "Baccus" */;
			buildPhases = (
				54B02CFA1F69B82B00526439 /* Sources */,
				54B02CFB1F69B82B00526439 /* Frameworks */,
				54B02CFC1F69B82B00526439 /* Resources */,
			);
			buildRules = (
			);
			dependencies = (
			);
			name = Baccus;
			productName = "Empty Application";
			productReference = 54B02CFE1F69B82B00526439 /* Baccus.app */;
			productType = "com.apple.product-type.application";
		};
/* End PBXNativeTarget section */

/* Begin PBXProject section */
		54B02CF61F69B82B00526439 /* Project object */ = {
			isa = PBXProject;
			attributes = {
				LastUpgradeCheck = 0900;
				ORGANIZATIONNAME = "Jaime Ventor";
				TargetAttributes = {
					54B02CFD1F69B82B00526439 = {
						CreatedOnToolsVersion = 8.2.1;
						ProvisioningStyle = Automatic;
					};
				};
			};
			buildConfigurationList = 54B02CF91F69B82B00526439 /* Build configuration list for PBXProject "Baccus" */;
			compatibilityVersion = "Xcode 3.2";
			developmentRegion = English;
			hasScannedForEncodings = 0;
			knownRegions = (
				en,
				Base,
			);
			mainGroup = 54B02CF51F69B82B00526439;
			productRefGroup = 54B02CFF1F69B82B00526439 /* Products */;
			projectDirPath = "";
			projectRoot = "";
			targets = (
				54B02CFD1F69B82B00526439 /* Baccus */,
			);
		};
/* End PBXProject section */

/* Begin PBXResourcesBuildPhase section */
		54B02CFC1F69B82B00526439 /* Resources */ = {
			isa = PBXResourcesBuildPhase;
			buildActionMask = 2147483647;
			files = (
				54B02D0E1F69B82B00526439 /* Assets.xcassets in Resources */,
				54B02D261F69E95800526439 /* botellavino.jpg in Resources */,
				54B02D231F69E84D00526439 /* copa.png in Resources */,
				54B02D201F69D22100526439 /* JVWineViewController.xib in Resources */,
				54B02D2B1F69F2F600526439 /* JVWebViewController.xib in Resources */,
			);
			runOnlyForDeploymentPostprocessing = 0;
		};
/* End PBXResourcesBuildPhase section */

/* Begin PBXSourcesBuildPhase section */
		54B02CFA1F69B82B00526439 /* Sources */ = {
			isa = PBXSourcesBuildPhase;
			buildActionMask = 2147483647;
			files = (
				54B02D2A1F69F2F600526439 /* JVWebViewController.m in Sources */,
				54B02D1A1F69BEBA00526439 /* JVWineModel.m in Sources */,
				54B02D061F69B82B00526439 /* AppDelegate.m in Sources */,
				549CC4751F6EE6A40072D244 /* JVWineryTableViewController.m in Sources */,
				549CC4721F6EE08B0072D244 /* JVWineryModel.m in Sources */,
				54B02D031F69B82B00526439 /* main.m in Sources */,
				54B02D1F1F69D22100526439 /* JVWineViewController.m in Sources */,
			);
			runOnlyForDeploymentPostprocessing = 0;
		};
/* End PBXSourcesBuildPhase section */

/* Begin XCBuildConfiguration section */
		54B02D131F69B82B00526439 /* Debug */ = {
			isa = XCBuildConfiguration;
			buildSettings = {
				ALWAYS_SEARCH_USER_PATHS = NO;
				CLANG_ANALYZER_NONNULL = YES;
				CLANG_CXX_LANGUAGE_STANDARD = "gnu++0x";
				CLANG_CXX_LIBRARY = "libc++";
				CLANG_ENABLE_MODULES = YES;
				CLANG_ENABLE_OBJC_ARC = YES;
				CLANG_WARN_BLOCK_CAPTURE_AUTORELEASING = YES;
				CLANG_WARN_BOOL_CONVERSION = YES;
				CLANG_WARN_COMMA = YES;
				CLANG_WARN_CONSTANT_CONVERSION = YES;
				CLANG_WARN_DIRECT_OBJC_ISA_USAGE = YES_ERROR;
				CLANG_WARN_DOCUMENTATION_COMMENTS = YES;
				CLANG_WARN_EMPTY_BODY = YES;
				CLANG_WARN_ENUM_CONVERSION = YES;
				CLANG_WARN_INFINITE_RECURSION = YES;
				CLANG_WARN_INT_CONVERSION = YES;
				CLANG_WARN_NON_LITERAL_NULL_CONVERSION = YES;
				CLANG_WARN_OBJC_LITERAL_CONVERSION = YES;
				CLANG_WARN_OBJC_ROOT_CLASS = YES_ERROR;
				CLANG_WARN_RANGE_LOOP_ANALYSIS = YES;
				CLANG_WARN_STRICT_PROTOTYPES = YES;
				CLANG_WARN_SUSPICIOUS_MOVE = YES;
				CLANG_WARN_UNREACHABLE_CODE = YES;
				CLANG_WARN__DUPLICATE_METHOD_MATCH = YES;
				"CODE_SIGN_IDENTITY[sdk=iphoneos*]" = "iPhone Developer";
				COPY_PHASE_STRIP = NO;
				DEBUG_INFORMATION_FORMAT = dwarf;
				ENABLE_STRICT_OBJC_MSGSEND = YES;
				ENABLE_TESTABILITY = YES;
				GCC_C_LANGUAGE_STANDARD = gnu99;
				GCC_DYNAMIC_NO_PIC = NO;
				GCC_NO_COMMON_BLOCKS = YES;
				GCC_OPTIMIZATION_LEVEL = 0;
				GCC_PREPROCESSOR_DEFINITIONS = (
					"DEBUG=1",
					"$(inherited)",
				);
				GCC_WARN_64_TO_32_BIT_CONVERSION = YES;
				GCC_WARN_ABOUT_RETURN_TYPE = YES_ERROR;
				GCC_WARN_UNDECLARED_SELECTOR = YES;
				GCC_WARN_UNINITIALIZED_AUTOS = YES_AGGRESSIVE;
				GCC_WARN_UNUSED_FUNCTION = YES;
				GCC_WARN_UNUSED_VARIABLE = YES;
				IPHONEOS_DEPLOYMENT_TARGET = 10.2;
				MTL_ENABLE_DEBUG_INFO = YES;
				ONLY_ACTIVE_ARCH = YES;
				SDKROOT = iphoneos;
				TARGETED_DEVICE_FAMILY = "1,2";
			};
			name = Debug;
		};
		54B02D141F69B82B00526439 /* Release */ = {
			isa = XCBuildConfiguration;
			buildSettings = {
				ALWAYS_SEARCH_USER_PATHS = NO;
				CLANG_ANALYZER_NONNULL = YES;
				CLANG_CXX_LANGUAGE_STANDARD = "gnu++0x";
				CLANG_CXX_LIBRARY = "libc++";
				CLANG_ENABLE_MODULES = YES;
				CLANG_ENABLE_OBJC_ARC = YES;
				CLANG_WARN_BLOCK_CAPTURE_AUTORELEASING = YES;
				CLANG_WARN_BOOL_CONVERSION = YES;
				CLANG_WARN_COMMA = YES;
				CLANG_WARN_CONSTANT_CONVERSION = YES;
				CLANG_WARN_DIRECT_OBJC_ISA_USAGE = YES_ERROR;
				CLANG_WARN_DOCUMENTATION_COMMENTS = YES;
				CLANG_WARN_EMPTY_BODY = YES;
				CLANG_WARN_ENUM_CONVERSION = YES;
				CLANG_WARN_INFINITE_RECURSION = YES;
				CLANG_WARN_INT_CONVERSION = YES;
				CLANG_WARN_NON_LITERAL_NULL_CONVERSION = YES;
				CLANG_WARN_OBJC_LITERAL_CONVERSION = YES;
				CLANG_WARN_OBJC_ROOT_CLASS = YES_ERROR;
				CLANG_WARN_RANGE_LOOP_ANALYSIS = YES;
				CLANG_WARN_STRICT_PROTOTYPES = YES;
				CLANG_WARN_SUSPICIOUS_MOVE = YES;
				CLANG_WARN_UNREACHABLE_CODE = YES;
				CLANG_WARN__DUPLICATE_METHOD_MATCH = YES;
				"CODE_SIGN_IDENTITY[sdk=iphoneos*]" = "iPhone Developer";
				COPY_PHASE_STRIP = NO;
				DEBUG_INFORMATION_FORMAT = "dwarf-with-dsym";
				ENABLE_NS_ASSERTIONS = NO;
				ENABLE_STRICT_OBJC_MSGSEND = YES;
				GCC_C_LANGUAGE_STANDARD = gnu99;
				GCC_NO_COMMON_BLOCKS = YES;
				GCC_WARN_64_TO_32_BIT_CONVERSION = YES;
				GCC_WARN_ABOUT_RETURN_TYPE = YES_ERROR;
				GCC_WARN_UNDECLARED_SELECTOR = YES;
				GCC_WARN_UNINITIALIZED_AUTOS = YES_AGGRESSIVE;
				GCC_WARN_UNUSED_FUNCTION = YES;
				GCC_WARN_UNUSED_VARIABLE = YES;
				IPHONEOS_DEPLOYMENT_TARGET = 10.2;
				MTL_ENABLE_DEBUG_INFO = NO;
				SDKROOT = iphoneos;
				TARGETED_DEVICE_FAMILY = "1,2";
				VALIDATE_PRODUCT = YES;
			};
			name = Release;
		};
		54B02D161F69B82B00526439 /* Debug */ = {
			isa = XCBuildConfiguration;
			buildSettings = {
				ASSETCATALOG_COMPILER_APPICON_NAME = AppIcon;
				INFOPLIST_FILE = Baccus/Info.plist;
				LD_RUNPATH_SEARCH_PATHS = "$(inherited) @executable_path/Frameworks";
				PRODUCT_BUNDLE_IDENTIFIER = com.jventor.Baccus;
				PRODUCT_NAME = "$(TARGET_NAME)";
				TARGETED_DEVICE_FAMILY = 2;
			};
			name = Debug;
		};
		54B02D171F69B82B00526439 /* Release */ = {
			isa = XCBuildConfiguration;
			buildSettings = {
				ASSETCATALOG_COMPILER_APPICON_NAME = AppIcon;
				INFOPLIST_FILE = Baccus/Info.plist;
				LD_RUNPATH_SEARCH_PATHS = "$(inherited) @executable_path/Frameworks";
				PRODUCT_BUNDLE_IDENTIFIER = com.jventor.Baccus;
				PRODUCT_NAME = "$(TARGET_NAME)";
				TARGETED_DEVICE_FAMILY = 2;
			};
			name = Release;
		};
/* End XCBuildConfiguration section */

/* Begin XCConfigurationList section */
		54B02CF91F69B82B00526439 /* Build configuration list for PBXProject "Baccus" */ = {
			isa = XCConfigurationList;
			buildConfigurations = (
				54B02D131F69B82B00526439 /* Debug */,
				54B02D141F69B82B00526439 /* Release */,
			);
			defaultConfigurationIsVisible = 0;
			defaultConfigurationName = Release;
		};
		54B02D151F69B82B00526439 /* Build configuration list for PBXNativeTarget "Baccus" */ = {
			isa = XCConfigurationList;
			buildConfigurations = (
				54B02D161F69B82B00526439 /* Debug */,
				54B02D171F69B82B00526439 /* Release */,
			);
			defaultConfigurationIsVisible = 0;
			defaultConfigurationName = Release;
		};
/* End XCConfigurationList section */
	};
	rootObject = 54B02CF61F69B82B00526439 /* Project object */;
}
